{
  "nodes": {
    "dmenu": {
      "flake": false,
      "locked": {
        "lastModified": 1659948174,
        "narHash": "sha256-ume1/j4u1g3Jb3YAzsdUABF+0gtwK1QCsakFOKHH6Ug=",
        "ref": "master",
        "rev": "e35976f4a50f884c2162f71e4128d7c273e3e042",
        "revCount": 598,
        "type": "git",
        "url": "git://git.suckless.org/dmenu"
      },
      "original": {
        "type": "git",
        "url": "git://git.suckless.org/dmenu"
      }
    },
    "dwm": {
      "flake": false,
      "locked": {
        "lastModified": 1660287754,
        "narHash": "sha256-ibDcKJDITs61jrpnb0iHT8gzOHO+TaeIeyGDjKdDO8c=",
        "ref": "master",
        "rev": "44adafe0069e73aa03a3829d7bb39591cd8b3f1d",
        "revCount": 1709,
        "type": "git",
        "url": "git://git.suckless.org/dwm"
      },
      "original": {
        "type": "git",
        "url": "git://git.suckless.org/dwm"
      }
    },
    "flake-compat": {
      "flake": false,
      "locked": {
        "lastModified": 1650374568,
        "narHash": "sha256-Z+s0J8/r907g149rllvwhb4pKi8Wam5ij0st8PwAh+E=",
        "owner": "edolstra",
        "repo": "flake-compat",
        "rev": "b4a34015c698c7793d592d66adbab377907a2be8",
        "type": "github"
      },
      "original": {
        "owner": "edolstra",
        "repo": "flake-compat",
        "type": "github"
      }
    },
    "flake-utils": {
      "locked": {
        "lastModified": 1659877975,
        "narHash": "sha256-zllb8aq3YO3h8B/U0/J1WBgAL8EX5yWf5pMj3G0NAmc=",
        "owner": "numtide",
        "repo": "flake-utils",
        "rev": "c0e246b9b83f637f4681389ecabcb2681b4f3af0",
        "type": "github"
      },
      "original": {
        "owner": "numtide",
        "repo": "flake-utils",
        "type": "github"
      }
    },
    "nixpkgs": {
      "locked": {
        "lastModified": 1660406107,
        "narHash": "sha256-KRJfqdthSSVtY6D4qZNGYk8MZSMWYFqk6QcCNqY6WOE=",
        "owner": "nixos",
        "repo": "nixpkgs",
        "rev": "f0316a346762abc8042cebad541898ba17476391",
        "type": "github"
      },
      "original": {
        "owner": "nixos",
        "ref": "nixpkgs-unstable",
        "repo": "nixpkgs",
        "type": "github"
      }
    },
    "root": {
      "inputs": {
        "dmenu": "dmenu",
        "dwm": "dwm",
        "flake-compat": "flake-compat",
        "flake-utils": "flake-utils",
        "nixpkgs": "nixpkgs",
        "st": "st"
      }
    },
    "st": {
      "flake": false,
      "locked": {
        "lastModified": 1651423120,
        "narHash": "sha256-27uT+QEwVr7HXYNUgKbSGJ0YuzvHE8GYrJZlUmmbHO4=",
        "ref": "master",
        "rev": "baa9357e96d2478baa52a3301e70ac80a229b726",
        "revCount": 1149,
        "type": "git",
        "url": "git://git.suckless.org/st"
      },
      "original": {
        "type": "git",
        "url": "git://git.suckless.org/st"
      }
    }
  },
  "root": "root",
  "version": 7
}
