{
  "nodes": {
    "dmenu": {
      "flake": false,
      "locked": {
        "lastModified": 1629493553,
        "narHash": "sha256-l2GTco9sj2nHMRDRlLN0Bc6nnwwtA3MclJzxKJ1TV4w=",
        "ref": "master",
        "rev": "d78ff08d99780a73447d5a95bf1e358e8c23aa3c",
        "revCount": 577,
        "type": "git",
        "url": "git://git.suckless.org/dmenu"
      },
      "original": {
        "type": "git",
        "url": "git://git.suckless.org/dmenu"
      }
    },
    "dwm": {
      "flake": false,
      "locked": {
        "lastModified": 1639926990,
        "narHash": "sha256-I+Q9v0VxEQH7rxtERjfin3K1cID5RRx78Qe3jw/nbK0=",
        "ref": "master",
        "rev": "8657affa2a61e85ca8df76b62e43cb02897d1d80",
        "revCount": 1690,
        "type": "git",
        "url": "git://git.suckless.org/dwm"
      },
      "original": {
        "type": "git",
        "url": "git://git.suckless.org/dwm"
      }
    },
    "flake-compat": {
      "flake": false,
      "locked": {
        "lastModified": 1627913399,
        "narHash": "sha256-hY8g6H2KFL8ownSiFeMOjwPC8P0ueXpCVEbxgda3pko=",
        "owner": "edolstra",
        "repo": "flake-compat",
        "rev": "12c64ca55c1014cdc1b16ed5a804aa8576601ff2",
        "type": "github"
      },
      "original": {
        "owner": "edolstra",
        "repo": "flake-compat",
        "type": "github"
      }
    },
    "flake-utils": {
      "locked": {
        "lastModified": 1638122382,
        "narHash": "sha256-sQzZzAbvKEqN9s0bzWuYmRaA03v40gaJ4+iL1LXjaeI=",
        "owner": "numtide",
        "repo": "flake-utils",
        "rev": "74f7e4319258e287b0f9cb95426c9853b282730b",
        "type": "github"
      },
      "original": {
        "owner": "numtide",
        "repo": "flake-utils",
        "type": "github"
      }
    },
    "nixpkgs": {
      "locked": {
        "lastModified": 1641016545,
        "narHash": "sha256-JMNwvnBzG0RjGG3eH27Y5/GlJ9ryeCdGJfqGbqxnmZY=",
        "owner": "nixos",
        "repo": "nixpkgs",
        "rev": "6f05cfdb1e78d36c0337516df674560e4b51c79b",
        "type": "github"
      },
      "original": {
        "owner": "nixos",
        "ref": "nixpkgs-unstable",
        "repo": "nixpkgs",
        "type": "github"
      }
    },
    "root": {
      "inputs": {
        "dmenu": "dmenu",
        "dwm": "dwm",
        "flake-compat": "flake-compat",
        "flake-utils": "flake-utils",
        "nixpkgs": "nixpkgs",
        "st": "st"
      }
    },
    "st": {
      "flake": false,
      "locked": {
        "lastModified": 1640885837,
        "narHash": "sha256-ism6t49mo5CYgFrp8eNN2Hfrt54p1624Rnq0f1T+gC8=",
        "ref": "master",
        "rev": "65f1dc428315ae9d7f362e10c668557c1379e7af",
        "revCount": 1138,
        "type": "git",
        "url": "git://git.suckless.org/st"
      },
      "original": {
        "type": "git",
        "url": "git://git.suckless.org/st"
      }
    }
  },
  "root": "root",
  "version": 7
}
