{
  "nodes": {
    "dmenu": {
      "flake": false,
      "locked": {
        "lastModified": 1651423105,
        "narHash": "sha256-fMsFCuwn2I6gdnoMcBokDcL8tBK9Z3/K6fqE6iSqRpQ=",
        "ref": "master",
        "rev": "28fb3e28120db29ea45d1951eee7047b4109ab5f",
        "revCount": 597,
        "type": "git",
        "url": "git://git.suckless.org/dmenu"
      },
      "original": {
        "type": "git",
        "url": "git://git.suckless.org/dmenu"
      }
    },
    "dwm": {
      "flake": false,
      "locked": {
        "lastModified": 1652202476,
        "narHash": "sha256-Oj1sYDVZHUBo5pBD+kL8n7kJ/sGtnApw+U9xRaYZvGo=",
        "ref": "master",
        "rev": "d3f93c7c1a13a2a78f04fb41ad1935525df948db",
        "revCount": 1700,
        "type": "git",
        "url": "git://git.suckless.org/dwm"
      },
      "original": {
        "type": "git",
        "url": "git://git.suckless.org/dwm"
      }
    },
    "flake-compat": {
      "flake": false,
      "locked": {
        "lastModified": 1650374568,
        "narHash": "sha256-Z+s0J8/r907g149rllvwhb4pKi8Wam5ij0st8PwAh+E=",
        "owner": "edolstra",
        "repo": "flake-compat",
        "rev": "b4a34015c698c7793d592d66adbab377907a2be8",
        "type": "github"
      },
      "original": {
        "owner": "edolstra",
        "repo": "flake-compat",
        "type": "github"
      }
    },
    "flake-utils": {
      "locked": {
        "lastModified": 1652776076,
        "narHash": "sha256-gzTw/v1vj4dOVbpBSJX4J0DwUR6LIyXo7/SuuTJp1kM=",
        "owner": "numtide",
        "repo": "flake-utils",
        "rev": "04c1b180862888302ddfb2e3ad9eaa63afc60cf8",
        "type": "github"
      },
      "original": {
        "owner": "numtide",
        "repo": "flake-utils",
        "type": "github"
      }
    },
    "nixpkgs": {
      "locked": {
        "lastModified": 1652840887,
        "narHash": "sha256-gEK4NNa4GwIgTZE63kt/4WTFAWRTJVSa30+h4ZjFh9U=",
        "owner": "nixos",
        "repo": "nixpkgs",
        "rev": "52dc75a4fee3fdbcb792cb6fba009876b912bfe0",
        "type": "github"
      },
      "original": {
        "owner": "nixos",
        "ref": "nixpkgs-unstable",
        "repo": "nixpkgs",
        "type": "github"
      }
    },
    "root": {
      "inputs": {
        "dmenu": "dmenu",
        "dwm": "dwm",
        "flake-compat": "flake-compat",
        "flake-utils": "flake-utils",
        "nixpkgs": "nixpkgs",
        "st": "st"
      }
    },
    "st": {
      "flake": false,
      "locked": {
        "lastModified": 1651423120,
        "narHash": "sha256-27uT+QEwVr7HXYNUgKbSGJ0YuzvHE8GYrJZlUmmbHO4=",
        "ref": "master",
        "rev": "baa9357e96d2478baa52a3301e70ac80a229b726",
        "revCount": 1149,
        "type": "git",
        "url": "git://git.suckless.org/st"
      },
      "original": {
        "type": "git",
        "url": "git://git.suckless.org/st"
      }
    }
  },
  "root": "root",
  "version": 7
}
